// !$*UTF8*$!
{
	archiveVersion = 1;
	classes = {
	};
	objectVersion = 46;
	objects = {

/* Begin PBXBuildFile section */
		7CDB10321CA200570066B70D /* AppDelegate.swift in Sources */ = {isa = PBXBuildFile; fileRef = 7CDB10311CA200570066B70D /* AppDelegate.swift */; };
		7CDB10341CA200570066B70D /* ViewController.swift in Sources */ = {isa = PBXBuildFile; fileRef = 7CDB10331CA200570066B70D /* ViewController.swift */; };
		7CDB10371CA200570066B70D /* Main.storyboard in Resources */ = {isa = PBXBuildFile; fileRef = 7CDB10351CA200570066B70D /* Main.storyboard */; };
		7CDB103A1CA200570066B70D /* ArrayCardPractice.xcdatamodeld in Sources */ = {isa = PBXBuildFile; fileRef = 7CDB10381CA200570066B70D /* ArrayCardPractice.xcdatamodeld */; };
		7CDB103C1CA200570066B70D /* Assets.xcassets in Resources */ = {isa = PBXBuildFile; fileRef = 7CDB103B1CA200570066B70D /* Assets.xcassets */; };
		7CDB103F1CA200570066B70D /* LaunchScreen.storyboard in Resources */ = {isa = PBXBuildFile; fileRef = 7CDB103D1CA200570066B70D /* LaunchScreen.storyboard */; };
/* End PBXBuildFile section */

/* Begin PBXFileReference section */
		7CDB102E1CA200570066B70D /* ExpenseCalculator.app */ = {isa = PBXFileReference; explicitFileType = wrapper.application; includeInIndex = 0; path = ExpenseCalculator.app; sourceTree = BUILT_PRODUCTS_DIR; };
		7CDB10311CA200570066B70D /* AppDelegate.swift */ = {isa = PBXFileReference; lastKnownFileType = sourcecode.swift; path = AppDelegate.swift; sourceTree = "<group>"; };
		7CDB10331CA200570066B70D /* ViewController.swift */ = {isa = PBXFileReference; lastKnownFileType = sourcecode.swift; path = ViewController.swift; sourceTree = "<group>"; };
		7CDB10361CA200570066B70D /* Base */ = {isa = PBXFileReference; lastKnownFileType = file.storyboard; name = Base; path = Base.lproj/Main.storyboard; sourceTree = "<group>"; };
		7CDB10391CA200570066B70D /* ArrayCardPractice.xcdatamodel */ = {isa = PBXFileReference; lastKnownFileType = wrapper.xcdatamodel; path = ArrayCardPractice.xcdatamodel; sourceTree = "<group>"; };
		7CDB103B1CA200570066B70D /* Assets.xcassets */ = {isa = PBXFileReference; lastKnownFileType = folder.assetcatalog; path = Assets.xcassets; sourceTree = "<group>"; };
		7CDB103E1CA200570066B70D /* Base */ = {isa = PBXFileReference; lastKnownFileType = file.storyboard; name = Base; path = Base.lproj/LaunchScreen.storyboard; sourceTree = "<group>"; };
		7CDB10401CA200570066B70D /* Info.plist */ = {isa = PBXFileReference; lastKnownFileType = text.plist.xml; path = Info.plist; sourceTree = "<group>"; };
/* End PBXFileReference section */

/* Begin PBXFrameworksBuildPhase section */
		7CDB102B1CA200570066B70D /* Frameworks */ = {
			isa = PBXFrameworksBuildPhase;
			buildActionMask = 2147483647;
			files = (
			);
			runOnlyForDeploymentPostprocessing = 0;
		};
/* End PBXFrameworksBuildPhase section */

/* Begin PBXGroup section */
		7CDB10251CA200570066B70D = {
			isa = PBXGroup;
			children = (
				7CDB10301CA200570066B70D /* ArrayCardPractice */,
				7CDB102F1CA200570066B70D /* Products */,
			);
			sourceTree = "<group>";
		};
		7CDB102F1CA200570066B70D /* Products */ = {
			isa = PBXGroup;
			children = (
				7CDB102E1CA200570066B70D /* ExpenseCalculator.app */,
			);
			name = Products;
			sourceTree = "<group>";
		};
		7CDB10301CA200570066B70D /* ArrayCardPractice */ = {
			isa = PBXGroup;
			children = (
				7CDB10311CA200570066B70D /* AppDelegate.swift */,
				7CDB10331CA200570066B70D /* ViewController.swift */,
				7CDB10351CA200570066B70D /* Main.storyboard */,
				7CDB103B1CA200570066B70D /* Assets.xcassets */,
				7CDB103D1CA200570066B70D /* LaunchScreen.storyboard */,
				7CDB10401CA200570066B70D /* Info.plist */,
				7CDB10381CA200570066B70D /* ArrayCardPractice.xcdatamodeld */,
			);
			path = ArrayCardPractice;
			sourceTree = "<group>";
		};
/* End PBXGroup section */

/* Begin PBXNativeTarget section */
		7CDB102D1CA200570066B70D /* ExpenseCalculator */ = {
			isa = PBXNativeTarget;
			buildConfigurationList = 7CDB10431CA200570066B70D /* Build configuration list for PBXNativeTarget "ExpenseCalculator" */;
			buildPhases = (
				7CDB102A1CA200570066B70D /* Sources */,
				7CDB102B1CA200570066B70D /* Frameworks */,
				7CDB102C1CA200570066B70D /* Resources */,
			);
			buildRules = (
			);
			dependencies = (
			);
			name = ExpenseCalculator;
			productName = ArrayCardPractice;
			productReference = 7CDB102E1CA200570066B70D /* ExpenseCalculator.app */;
			productType = "com.apple.product-type.application";
		};
/* End PBXNativeTarget section */

/* Begin PBXProject section */
		7CDB10261CA200570066B70D /* Project object */ = {
			isa = PBXProject;
			attributes = {
				LastSwiftUpdateCheck = 0730;
				LastUpgradeCheck = 0730;
				ORGANIZATIONNAME = "Celena Haase";
				TargetAttributes = {
					7CDB102D1CA200570066B70D = {
						CreatedOnToolsVersion = 7.3;
						DevelopmentTeam = 423NRX4Z43;
					};
				};
			};
			buildConfigurationList = 7CDB10291CA200570066B70D /* Build configuration list for PBXProject "ExpenseCalculator" */;
			compatibilityVersion = "Xcode 3.2";
			developmentRegion = English;
			hasScannedForEncodings = 0;
			knownRegions = (
				en,
				Base,
			);
			mainGroup = 7CDB10251CA200570066B70D;
			productRefGroup = 7CDB102F1CA200570066B70D /* Products */;
			projectDirPath = "";
			projectRoot = "";
			targets = (
				7CDB102D1CA200570066B70D /* ExpenseCalculator */,
			);
		};
/* End PBXProject section */

/* Begin PBXResourcesBuildPhase section */
		7CDB102C1CA200570066B70D /* Resources */ = {
			isa = PBXResourcesBuildPhase;
			buildActionMask = 2147483647;
			files = (
				7CDB103F1CA200570066B70D /* LaunchScreen.storyboard in Resources */,
				7CDB103C1CA200570066B70D /* Assets.xcassets in Resources */,
				7CDB10371CA200570066B70D /* Main.storyboard in Resources */,
			);
			runOnlyForDeploymentPostprocessing = 0;
		};
/* End PBXResourcesBuildPhase section */

/* Begin PBXSourcesBuildPhase section */
		7CDB102A1CA200570066B70D /* Sources */ = {
			isa = PBXSourcesBuildPhase;
			buildActionMask = 2147483647;
			files = (
				7CDB10341CA200570066B70D /* ViewController.swift in Sources */,
				7CDB103A1CA200570066B70D /* ArrayCardPractice.xcdatamodeld in Sources */,
				7CDB10321CA200570066B70D /* AppDelegate.swift in Sources */,
			);
			runOnlyForDeploymentPostprocessing = 0;
		};
/* End PBXSourcesBuildPhase section */

/* Begin PBXVariantGroup section */
		7CDB10351CA200570066B70D /* Main.storyboard */ = {
			isa = PBXVariantGroup;
			children = (
				7CDB10361CA200570066B70D /* Base */,
			);
			name = Main.storyboard;
			sourceTree = "<group>";
		};
		7CDB103D1CA200570066B70D /* LaunchScreen.storyboard */ = {
			isa = PBXVariantGroup;
			children = (
				7CDB103E1CA200570066B70D /* Base */,
			);
			name = LaunchScreen.storyboard;
			sourceTree = "<group>";
		};
/* End PBXVariantGroup section */

/* Begin XCBuildConfiguration section */
		7CDB10411CA200570066B70D /* Debug */ = {
			isa = XCBuildConfiguration;
			buildSettings = {
				ALWAYS_SEARCH_USER_PATHS = NO;
				CLANG_ANALYZER_NONNULL = YES;
				CLANG_CXX_LANGUAGE_STANDARD = "gnu++0x";
				CLANG_CXX_LIBRARY = "libc++";
				CLANG_ENABLE_MODULES = YES;
				CLANG_ENABLE_OBJC_ARC = YES;
				CLANG_WARN_BOOL_CONVERSION = YES;
				CLANG_WARN_CONSTANT_CONVERSION = YES;
				CLANG_WARN_DIRECT_OBJC_ISA_USAGE = YES_ERROR;
				CLANG_WARN_EMPTY_BODY = YES;
				CLANG_WARN_ENUM_CONVERSION = YES;
				CLANG_WARN_INT_CONVERSION = YES;
				CLANG_WARN_OBJC_ROOT_CLASS = YES_ERROR;
				CLANG_WARN_UNREACHABLE_CODE = YES;
				CLANG_WARN__DUPLICATE_METHOD_MATCH = YES;
				"CODE_SIGN_IDENTITY[sdk=iphoneos*]" = "iPhone Developer";
				COPY_PHASE_STRIP = NO;
				DEBUG_INFORMATION_FORMAT = dwarf;
				ENABLE_STRICT_OBJC_MSGSEND = YES;
				ENABLE_TESTABILITY = YES;
				GCC_C_LANGUAGE_STANDARD = gnu99;
				GCC_DYNAMIC_NO_PIC = NO;
				GCC_NO_COMMON_BLOCKS = YES;
				GCC_OPTIMIZATION_LEVEL = 0;
				GCC_PREPROCESSOR_DEFINITIONS = (
					"DEBUG=1",
					"$(inherited)",
				);
				GCC_WARN_64_TO_32_BIT_CONVERSION = YES;
				GCC_WARN_ABOUT_RETURN_TYPE = YES_ERROR;
				GCC_WARN_UNDECLARED_SELECTOR = YES;
				GCC_WARN_UNINITIALIZED_AUTOS = YES_AGGRESSIVE;
				GCC_WARN_UNUSED_FUNCTION = YES;
				GCC_WARN_UNUSED_VARIABLE = YES;
				IPHONEOS_DEPLOYMENT_TARGET = 9.3;
				MTL_ENABLE_DEBUG_INFO = YES;
				ONLY_ACTIVE_ARCH = YES;
				SDKROOT = iphoneos;
				SWIFT_OPTIMIZATION_LEVEL = "-Onone";
			};
			name = Debug;
		};
		7CDB10421CA200570066B70D /* Release */ = {
			isa = XCBuildConfiguration;
			buildSettings = {
				ALWAYS_SEARCH_USER_PATHS = NO;
				CLANG_ANALYZER_NONNULL = YES;
				CLANG_CXX_LANGUAGE_STANDARD = "gnu++0x";
				CLANG_CXX_LIBRARY = "libc++";
				CLANG_ENABLE_MODULES = YES;
				CLANG_ENABLE_OBJC_ARC = YES;
				CLANG_WARN_BOOL_CONVERSION = YES;
				CLANG_WARN_CONSTANT_CONVERSION = YES;
				CLANG_WARN_DIRECT_OBJC_ISA_USAGE = YES_ERROR;
				CLANG_WARN_EMPTY_BODY = YES;
				CLANG_WARN_ENUM_CONVERSION = YES;
				CLANG_WARN_INT_CONVERSION = YES;
				CLANG_WARN_OBJC_ROOT_CLASS = YES_ERROR;
				CLANG_WARN_UNREACHABLE_CODE = YES;
				CLANG_WARN__DUPLICATE_METHOD_MATCH = YES;
				"CODE_SIGN_IDENTITY[sdk=iphoneos*]" = "iPhone Developer";
				COPY_PHASE_STRIP = NO;
				DEBUG_INFORMATION_FORMAT = "dwarf-with-dsym";
				ENABLE_NS_ASSERTIONS = NO;
				ENABLE_STRICT_OBJC_MSGSEND = YES;
				GCC_C_LANGUAGE_STANDARD = gnu99;
				GCC_NO_COMMON_BLOCKS = YES;
				GCC_WARN_64_TO_32_BIT_CONVERSION = YES;
				GCC_WARN_ABOUT_RETURN_TYPE = YES_ERROR;
				GCC_WARN_UNDECLARED_SELECTOR = YES;
				GCC_WARN_UNINITIALIZED_AUTOS = YES_AGGRESSIVE;
				GCC_WARN_UNUSED_FUNCTION = YES;
				GCC_WARN_UNUSED_VARIABLE = YES;
				IPHONEOS_DEPLOYMENT_TARGET = 9.3;
				MTL_ENABLE_DEBUG_INFO = NO;
				SDKROOT = iphoneos;
				VALIDATE_PRODUCT = YES;
			};
			name = Release;
		};
		7CDB10441CA200570066B70D /* Debug */ = {
			isa = XCBuildConfiguration;
			buildSettings = {
				ASSETCATALOG_COMPILER_APPICON_NAME = AppIcon;
				CODE_SIGN_IDENTITY = "iPhone Developer";
				INFOPLIST_FILE = ArrayCardPractice/Info.plist;
				LD_RUNPATH_SEARCH_PATHS = "$(inherited) @executable_path/Frameworks";
				PRODUCT_BUNDLE_IDENTIFIER = com.celenahaase.ExpenseCalculator;
				PRODUCT_NAME = ExpenseCalculator;
			};
			name = Debug;
		};
		7CDB10451CA200570066B70D /* Release */ = {
			isa = XCBuildConfiguration;
			buildSettings = {
				ASSETCATALOG_COMPILER_APPICON_NAME = AppIcon;
				CODE_SIGN_IDENTITY = "iPhone Developer";
				INFOPLIST_FILE = ArrayCardPractice/Info.plist;
				LD_RUNPATH_SEARCH_PATHS = "$(inherited) @executable_path/Frameworks";
				PRODUCT_BUNDLE_IDENTIFIER = com.celenahaase.ExpenseCalculator;
				PRODUCT_NAME = ExpenseCalculator;
			};
			name = Release;
		};
/* End XCBuildConfiguration section */

/* Begin XCConfigurationList section */
		7CDB10291CA200570066B70D /* Build configuration list for PBXProject "ExpenseCalculator" */ = {
			isa = XCConfigurationList;
			buildConfigurations = (
				7CDB10411CA200570066B70D /* Debug */,
				7CDB10421CA200570066B70D /* Release */,
			);
			defaultConfigurationIsVisible = 0;
			defaultConfigurationName = Release;
		};
		7CDB10431CA200570066B70D /* Build configuration list for PBXNativeTarget "ExpenseCalculator" */ = {
			isa = XCConfigurationList;
			buildConfigurations = (
				7CDB10441CA200570066B70D /* Debug */,
				7CDB10451CA200570066B70D /* Release */,
			);
			defaultConfigurationIsVisible = 0;
			defaultConfigurationName = Release;
		};
/* End XCConfigurationList section */

/* Begin XCVersionGroup section */
		7CDB10381CA200570066B70D /* ArrayCardPractice.xcdatamodeld */ = {
			isa = XCVersionGroup;
			children = (
				7CDB10391CA200570066B70D /* ArrayCardPractice.xcdatamodel */,
			);
			currentVersion = 7CDB10391CA200570066B70D /* ArrayCardPractice.xcdatamodel */;
			path = ArrayCardPractice.xcdatamodeld;
			sourceTree = "<group>";
			versionGroupType = wrapper.xcdatamodel;
		};
/* End XCVersionGroup section */
	};
	rootObject = 7CDB10261CA200570066B70D /* Project object */;
}
